
Microsoft Visual Studio Solution File, Format Version 12.00
# Visual Studio Version 16
VisualStudioVersion = 16.0.29806.167
MinimumVisualStudioVersion = 10.0.40219.1
Project("{FAE04EC0-301F-11D3-BF4B-00C04F79EFBC}") = "CSpractice1", "CSpractice1.csproj", "{A13B313E-0A7F-4660-BF5D-E12D1509D46E}"
EndProject
Global
	GlobalSection(SolutionConfigurationPlatforms) = preSolution
		Debug|Any CPU = Debug|Any CPU
		Release|Any CPU = Release|Any CPU
	EndGlobalSection
	GlobalSection(ProjectConfigurationPlatforms) = postSolution
		{A13B313E-0A7F-4660-BF5D-E12D1509D46E}.Debug|Any CPU.ActiveCfg = Debug|Any CPU
		{A13B313E-0A7F-4660-BF5D-E12D1509D46E}.Debug|Any CPU.Build.0 = Debug|Any CPU
		{A13B313E-0A7F-4660-BF5D-E12D1509D46E}.Release|Any CPU.ActiveCfg = Release|Any CPU
		{A13B313E-0A7F-4660-BF5D-E12D1509D46E}.Release|Any CPU.Build.0 = Release|Any CPU
	EndGlobalSection
	GlobalSection(SolutionProperties) = preSolution
		HideSolutionNode = FALSE
	EndGlobalSection
	GlobalSection(ExtensibilityGlobals) = postSolution
		SolutionGuid = {6F35BAA8-77DD-44ED-BEA2-B9F1BB289236}
	EndGlobalSection
EndGlobal
